// !$*UTF8*$!
{
	archiveVersion = 1;
	classes = {
	};
	objectVersion = 46;
	objects = {

/* Begin PBXBuildFile section */
		1765C5671D36E1E9002D96F4 /* AppDelegate.swift in Sources */ = {isa = PBXBuildFile; fileRef = 1765C5661D36E1E9002D96F4 /* AppDelegate.swift */; };
		1765C5691D36E1E9002D96F4 /* ViewController.swift in Sources */ = {isa = PBXBuildFile; fileRef = 1765C5681D36E1E9002D96F4 /* ViewController.swift */; };
		1765C56C1D36E1E9002D96F4 /* Main.storyboard in Resources */ = {isa = PBXBuildFile; fileRef = 1765C56A1D36E1E9002D96F4 /* Main.storyboard */; };
		1765C56E1D36E1E9002D96F4 /* Assets.xcassets in Resources */ = {isa = PBXBuildFile; fileRef = 1765C56D1D36E1E9002D96F4 /* Assets.xcassets */; };
		1765C5711D36E1E9002D96F4 /* LaunchScreen.storyboard in Resources */ = {isa = PBXBuildFile; fileRef = 1765C56F1D36E1E9002D96F4 /* LaunchScreen.storyboard */; };
		1765C5791D36F0DC002D96F4 /* Note.swift in Sources */ = {isa = PBXBuildFile; fileRef = 1765C5781D36F0DC002D96F4 /* Note.swift */; };
		1765C5851D3716A0002D96F4 /* NoteViewController.swift in Sources */ = {isa = PBXBuildFile; fileRef = 1765C5841D3716A0002D96F4 /* NoteViewController.swift */; };
/* End PBXBuildFile section */

/* Begin PBXFileReference section */
		1765C5631D36E1E9002D96F4 /* Notes.app */ = {isa = PBXFileReference; explicitFileType = wrapper.application; includeInIndex = 0; path = Notes.app; sourceTree = BUILT_PRODUCTS_DIR; };
		1765C5661D36E1E9002D96F4 /* AppDelegate.swift */ = {isa = PBXFileReference; lastKnownFileType = sourcecode.swift; path = AppDelegate.swift; sourceTree = "<group>"; };
		1765C5681D36E1E9002D96F4 /* ViewController.swift */ = {isa = PBXFileReference; lastKnownFileType = sourcecode.swift; path = ViewController.swift; sourceTree = "<group>"; };
		1765C56B1D36E1E9002D96F4 /* Base */ = {isa = PBXFileReference; lastKnownFileType = file.storyboard; name = Base; path = Base.lproj/Main.storyboard; sourceTree = "<group>"; };
		1765C56D1D36E1E9002D96F4 /* Assets.xcassets */ = {isa = PBXFileReference; lastKnownFileType = folder.assetcatalog; path = Assets.xcassets; sourceTree = "<group>"; };
		1765C5701D36E1E9002D96F4 /* Base */ = {isa = PBXFileReference; lastKnownFileType = file.storyboard; name = Base; path = Base.lproj/LaunchScreen.storyboard; sourceTree = "<group>"; };
		1765C5721D36E1E9002D96F4 /* Info.plist */ = {isa = PBXFileReference; lastKnownFileType = text.plist.xml; path = Info.plist; sourceTree = "<group>"; };
		1765C5781D36F0DC002D96F4 /* Note.swift */ = {isa = PBXFileReference; fileEncoding = 4; lastKnownFileType = sourcecode.swift; path = Note.swift; sourceTree = "<group>"; };
		1765C5841D3716A0002D96F4 /* NoteViewController.swift */ = {isa = PBXFileReference; fileEncoding = 4; lastKnownFileType = sourcecode.swift; name = NoteViewController.swift; path = erSwift/NoteViewController.swift; sourceTree = "<group>"; };
/* End PBXFileReference section */

/* Begin PBXFrameworksBuildPhase section */
		1765C5601D36E1E9002D96F4 /* Frameworks */ = {
			isa = PBXFrameworksBuildPhase;
			buildActionMask = 2147483647;
			files = (
			);
			runOnlyForDeploymentPostprocessing = 0;
		};
/* End PBXFrameworksBuildPhase section */

/* Begin PBXGroup section */
		1765C55A1D36E1E9002D96F4 = {
			isa = PBXGroup;
			children = (
				1765C5651D36E1E9002D96F4 /* Notes */,
				1765C5641D36E1E9002D96F4 /* Products */,
			);
			sourceTree = "<group>";
		};
		1765C5641D36E1E9002D96F4 /* Products */ = {
			isa = PBXGroup;
			children = (
				1765C5631D36E1E9002D96F4 /* Notes.app */,
			);
			name = Products;
			sourceTree = "<group>";
		};
		1765C5651D36E1E9002D96F4 /* Notes */ = {
			isa = PBXGroup;
			children = (
				1765C5661D36E1E9002D96F4 /* AppDelegate.swift */,
				1765C5681D36E1E9002D96F4 /* ViewController.swift */,
				1765C5781D36F0DC002D96F4 /* Note.swift */,
				1765C5841D3716A0002D96F4 /* NoteViewController.swift */,
				1765C56A1D36E1E9002D96F4 /* Main.storyboard */,
				1765C56D1D36E1E9002D96F4 /* Assets.xcassets */,
				1765C56F1D36E1E9002D96F4 /* LaunchScreen.storyboard */,
				1765C5721D36E1E9002D96F4 /* Info.plist */,
			);
			path = Notes;
			sourceTree = "<group>";
		};
/* End PBXGroup section */

/* Begin PBXNativeTarget section */
		1765C5621D36E1E9002D96F4 /* Notes */ = {
			isa = PBXNativeTarget;
			buildConfigurationList = 1765C5751D36E1E9002D96F4 /* Build configuration list for PBXNativeTarget "Notes" */;
			buildPhases = (
				1765C55F1D36E1E9002D96F4 /* Sources */,
				1765C5601D36E1E9002D96F4 /* Frameworks */,
				1765C5611D36E1E9002D96F4 /* Resources */,
			);
			buildRules = (
			);
			dependencies = (
			);
			name = Notes;
			productName = Notes;
			productReference = 1765C5631D36E1E9002D96F4 /* Notes.app */;
			productType = "com.apple.product-type.application";
		};
/* End PBXNativeTarget section */

/* Begin PBXProject section */
		1765C55B1D36E1E9002D96F4 /* Project object */ = {
			isa = PBXProject;
			attributes = {
				LastSwiftUpdateCheck = 0800;
				LastUpgradeCheck = 0800;
				ORGANIZATIONNAME = "Kammu Inc.";
				TargetAttributes = {
					1765C5621D36E1E9002D96F4 = {
						CreatedOnToolsVersion = 8.0;
						DevelopmentTeam = EFCV7NM442;
						DevelopmentTeamName = "Kamesh Vedula (Personal Team)";
						ProvisioningStyle = Automatic;
					};
				};
			};
			buildConfigurationList = 1765C55E1D36E1E9002D96F4 /* Build configuration list for PBXProject "Notes" */;
			compatibilityVersion = "Xcode 3.2";
			developmentRegion = English;
			hasScannedForEncodings = 0;
			knownRegions = (
				en,
				Base,
			);
			mainGroup = 1765C55A1D36E1E9002D96F4;
			productRefGroup = 1765C5641D36E1E9002D96F4 /* Products */;
			projectDirPath = "";
			projectRoot = "";
			targets = (
				1765C5621D36E1E9002D96F4 /* Notes */,
			);
		};
/* End PBXProject section */

/* Begin PBXResourcesBuildPhase section */
		1765C5611D36E1E9002D96F4 /* Resources */ = {
			isa = PBXResourcesBuildPhase;
			buildActionMask = 2147483647;
			files = (
				1765C5711D36E1E9002D96F4 /* LaunchScreen.storyboard in Resources */,
				1765C56E1D36E1E9002D96F4 /* Assets.xcassets in Resources */,
				1765C56C1D36E1E9002D96F4 /* Main.storyboard in Resources */,
			);
			runOnlyForDeploymentPostprocessing = 0;
		};
/* End PBXResourcesBuildPhase section */

/* Begin PBXSourcesBuildPhase section */
		1765C55F1D36E1E9002D96F4 /* Sources */ = {
			isa = PBXSourcesBuildPhase;
			buildActionMask = 2147483647;
			files = (
				1765C5851D3716A0002D96F4 /* NoteViewController.swift in Sources */,
				1765C5691D36E1E9002D96F4 /* ViewController.swift in Sources */,
				1765C5671D36E1E9002D96F4 /* AppDelegate.swift in Sources */,
				1765C5791D36F0DC002D96F4 /* Note.swift in Sources */,
			);
			runOnlyForDeploymentPostprocessing = 0;
		};
/* End PBXSourcesBuildPhase section */

/* Begin PBXVariantGroup section */
		1765C56A1D36E1E9002D96F4 /* Main.storyboard */ = {
			isa = PBXVariantGroup;
			children = (
				1765C56B1D36E1E9002D96F4 /* Base */,
			);
			name = Main.storyboard;
			sourceTree = "<group>";
		};
		1765C56F1D36E1E9002D96F4 /* LaunchScreen.storyboard */ = {
			isa = PBXVariantGroup;
			children = (
				1765C5701D36E1E9002D96F4 /* Base */,
			);
			name = LaunchScreen.storyboard;
			sourceTree = "<group>";
		};
/* End PBXVariantGroup section */

/* Begin XCBuildConfiguration section */
		1765C5731D36E1E9002D96F4 /* Debug */ = {
			isa = XCBuildConfiguration;
			buildSettings = {
				ALWAYS_SEARCH_USER_PATHS = NO;
				CLANG_ANALYZER_NONNULL = YES;
				CLANG_CXX_LANGUAGE_STANDARD = "gnu++0x";
				CLANG_CXX_LIBRARY = "libc++";
				CLANG_ENABLE_MODULES = YES;
				CLANG_ENABLE_OBJC_ARC = YES;
				CLANG_WARN_BOOL_CONVERSION = YES;
				CLANG_WARN_CONSTANT_CONVERSION = YES;
				CLANG_WARN_DIRECT_OBJC_ISA_USAGE = YES_ERROR;
				CLANG_WARN_DOCUMENTATION_COMMENTS = YES;
				CLANG_WARN_EMPTY_BODY = YES;
				CLANG_WARN_ENUM_CONVERSION = YES;
				CLANG_WARN_INT_CONVERSION = YES;
				CLANG_WARN_OBJC_ROOT_CLASS = YES_ERROR;
				CLANG_WARN_UNREACHABLE_CODE = YES;
				CLANG_WARN__DUPLICATE_METHOD_MATCH = YES;
				"CODE_SIGN_IDENTITY[sdk=iphoneos*]" = "iPhone Developer";
				COPY_PHASE_STRIP = NO;
				DEBUG_INFORMATION_FORMAT = dwarf;
				ENABLE_STRICT_OBJC_MSGSEND = YES;
				ENABLE_TESTABILITY = YES;
				GCC_C_LANGUAGE_STANDARD = gnu99;
				GCC_DYNAMIC_NO_PIC = NO;
				GCC_NO_COMMON_BLOCKS = YES;
				GCC_OPTIMIZATION_LEVEL = 0;
				GCC_PREPROCESSOR_DEFINITIONS = (
					"DEBUG=1",
					"$(inherited)",
				);
				GCC_WARN_64_TO_32_BIT_CONVERSION = YES;
				GCC_WARN_ABOUT_RETURN_TYPE = YES_ERROR;
				GCC_WARN_UNDECLARED_SELECTOR = YES;
				GCC_WARN_UNINITIALIZED_AUTOS = YES_AGGRESSIVE;
				GCC_WARN_UNUSED_FUNCTION = YES;
				GCC_WARN_UNUSED_VARIABLE = YES;
				IPHONEOS_DEPLOYMENT_TARGET = 10.0;
				MTL_ENABLE_DEBUG_INFO = YES;
				ONLY_ACTIVE_ARCH = YES;
				SDKROOT = iphoneos;
				SWIFT_ACTIVE_COMPILATION_CONDITIONS = DEBUG;
				SWIFT_OPTIMIZATION_LEVEL = "-Onone";
			};
			name = Debug;
		};
		1765C5741D36E1E9002D96F4 /* Release */ = {
			isa = XCBuildConfiguration;
			buildSettings = {
				ALWAYS_SEARCH_USER_PATHS = NO;
				CLANG_ANALYZER_NONNULL = YES;
				CLANG_CXX_LANGUAGE_STANDARD = "gnu++0x";
				CLANG_CXX_LIBRARY = "libc++";
				CLANG_ENABLE_MODULES = YES;
				CLANG_ENABLE_OBJC_ARC = YES;
				CLANG_WARN_BOOL_CONVERSION = YES;
				CLANG_WARN_CONSTANT_CONVERSION = YES;
				CLANG_WARN_DIRECT_OBJC_ISA_USAGE = YES_ERROR;
				CLANG_WARN_DOCUMENTATION_COMMENTS = YES;
				CLANG_WARN_EMPTY_BODY = YES;
				CLANG_WARN_ENUM_CONVERSION = YES;
				CLANG_WARN_INT_CONVERSION = YES;
				CLANG_WARN_OBJC_ROOT_CLASS = YES_ERROR;
				CLANG_WARN_UNREACHABLE_CODE = YES;
				CLANG_WARN__DUPLICATE_METHOD_MATCH = YES;
				"CODE_SIGN_IDENTITY[sdk=iphoneos*]" = "iPhone Developer";
				COPY_PHASE_STRIP = NO;
				DEBUG_INFORMATION_FORMAT = "dwarf-with-dsym";
				ENABLE_NS_ASSERTIONS = NO;
				ENABLE_STRICT_OBJC_MSGSEND = YES;
				GCC_C_LANGUAGE_STANDARD = gnu99;
				GCC_NO_COMMON_BLOCKS = YES;
				GCC_WARN_64_TO_32_BIT_CONVERSION = YES;
				GCC_WARN_ABOUT_RETURN_TYPE = YES_ERROR;
				GCC_WARN_UNDECLARED_SELECTOR = YES;
				GCC_WARN_UNINITIALIZED_AUTOS = YES_AGGRESSIVE;
				GCC_WARN_UNUSED_FUNCTION = YES;
				GCC_WARN_UNUSED_VARIABLE = YES;
				IPHONEOS_DEPLOYMENT_TARGET = 10.0;
				MTL_ENABLE_DEBUG_INFO = NO;
				SDKROOT = iphoneos;
				SWIFT_OPTIMIZATION_LEVEL = "-Owholemodule";
				VALIDATE_PRODUCT = YES;
			};
			name = Release;
		};
		1765C5761D36E1E9002D96F4 /* Debug */ = {
			isa = XCBuildConfiguration;
			buildSettings = {
				ASSETCATALOG_COMPILER_APPICON_NAME = AppIcon;
				INFOPLIST_FILE = Notes/Info.plist;
				LD_RUNPATH_SEARCH_PATHS = "$(inherited) @executable_path/Frameworks";
				PRODUCT_BUNDLE_IDENTIFIER = inc.kammu.Notes;
				PRODUCT_NAME = "$(TARGET_NAME)";
				SWIFT_VERSION = 3.0;
			};
			name = Debug;
		};
		1765C5771D36E1E9002D96F4 /* Release */ = {
			isa = XCBuildConfiguration;
			buildSettings = {
				ASSETCATALOG_COMPILER_APPICON_NAME = AppIcon;
				INFOPLIST_FILE = Notes/Info.plist;
				LD_RUNPATH_SEARCH_PATHS = "$(inherited) @executable_path/Frameworks";
				PRODUCT_BUNDLE_IDENTIFIER = inc.kammu.Notes;
				PRODUCT_NAME = "$(TARGET_NAME)";
				SWIFT_VERSION = 3.0;
			};
			name = Release;
		};
/* End XCBuildConfiguration section */

/* Begin XCConfigurationList section */
		1765C55E1D36E1E9002D96F4 /* Build configuration list for PBXProject "Notes" */ = {
			isa = XCConfigurationList;
			buildConfigurations = (
				1765C5731D36E1E9002D96F4 /* Debug */,
				1765C5741D36E1E9002D96F4 /* Release */,
			);
			defaultConfigurationIsVisible = 0;
			defaultConfigurationName = Release;
		};
		1765C5751D36E1E9002D96F4 /* Build configuration list for PBXNativeTarget "Notes" */ = {
			isa = XCConfigurationList;
			buildConfigurations = (
				1765C5761D36E1E9002D96F4 /* Debug */,
				1765C5771D36E1E9002D96F4 /* Release */,
			);
			defaultConfigurationIsVisible = 0;
			defaultConfigurationName = Release;
		};
/* End XCConfigurationList section */
	};
	rootObject = 1765C55B1D36E1E9002D96F4 /* Project object */;
}
